
Microsoft Visual Studio Solution File, Format Version 12.00
# Visual Studio Version 17
VisualStudioVersion = 17.11.35327.3
MinimumVisualStudioVersion = 10.0.40219.1
Project("{9A19103F-16F7-4668-BE54-9A1E7A4F7556}") = "Website", "Website\Website.csproj", "{A5D8EF8A-E55B-4BED-9DED-E219BB5B5168}"
EndProject
Project("{9A19103F-16F7-4668-BE54-9A1E7A4F7556}") = "Entity", "Entity\Entity.csproj", "{B1FF4302-4142-4FDB-B79A-753ADD595F87}"
EndProject
Project("{9A19103F-16F7-4668-BE54-9A1E7A4F7556}") = "Service", "Service\Service.csproj", "{54209741-06D2-40ED-9E97-93CFB1EB8452}"
EndProject
Project("{00D1A9C2-B5F0-4AF3-8072-F6C62B433612}") = "SSDT", "SSDT\SSDT.sqlproj", "{3D845B1A-D19C-47A2-B669-B3FBD6E3EA5D}"
EndProject
Global
	GlobalSection(SolutionConfigurationPlatforms) = preSolution
		Debug|Any CPU = Debug|Any CPU
		Release|Any CPU = Release|Any CPU
	EndGlobalSection
	GlobalSection(ProjectConfigurationPlatforms) = postSolution
		{A5D8EF8A-E55B-4BED-9DED-E219BB5B5168}.Debug|Any CPU.ActiveCfg = Debug|Any CPU
		{A5D8EF8A-E55B-4BED-9DED-E219BB5B5168}.Debug|Any CPU.Build.0 = Debug|Any CPU
		{A5D8EF8A-E55B-4BED-9DED-E219BB5B5168}.Release|Any CPU.ActiveCfg = Release|Any CPU
		{A5D8EF8A-E55B-4BED-9DED-E219BB5B5168}.Release|Any CPU.Build.0 = Release|Any CPU
		{B1FF4302-4142-4FDB-B79A-753ADD595F87}.Debug|Any CPU.ActiveCfg = Debug|Any CPU
		{B1FF4302-4142-4FDB-B79A-753ADD595F87}.Debug|Any CPU.Build.0 = Debug|Any CPU
		{B1FF4302-4142-4FDB-B79A-753ADD595F87}.Release|Any CPU.ActiveCfg = Release|Any CPU
		{B1FF4302-4142-4FDB-B79A-753ADD595F87}.Release|Any CPU.Build.0 = Release|Any CPU
		{54209741-06D2-40ED-9E97-93CFB1EB8452}.Debug|Any CPU.ActiveCfg = Debug|Any CPU
		{54209741-06D2-40ED-9E97-93CFB1EB8452}.Debug|Any CPU.Build.0 = Debug|Any CPU
		{54209741-06D2-40ED-9E97-93CFB1EB8452}.Release|Any CPU.ActiveCfg = Release|Any CPU
		{54209741-06D2-40ED-9E97-93CFB1EB8452}.Release|Any CPU.Build.0 = Release|Any CPU
		{3D845B1A-D19C-47A2-B669-B3FBD6E3EA5D}.Debug|Any CPU.ActiveCfg = Debug|Any CPU
		{3D845B1A-D19C-47A2-B669-B3FBD6E3EA5D}.Debug|Any CPU.Build.0 = Debug|Any CPU
		{3D845B1A-D19C-47A2-B669-B3FBD6E3EA5D}.Debug|Any CPU.Deploy.0 = Debug|Any CPU
		{3D845B1A-D19C-47A2-B669-B3FBD6E3EA5D}.Release|Any CPU.ActiveCfg = Release|Any CPU
		{3D845B1A-D19C-47A2-B669-B3FBD6E3EA5D}.Release|Any CPU.Build.0 = Release|Any CPU
		{3D845B1A-D19C-47A2-B669-B3FBD6E3EA5D}.Release|Any CPU.Deploy.0 = Release|Any CPU
	EndGlobalSection
	GlobalSection(SolutionProperties) = preSolution
		HideSolutionNode = FALSE
	EndGlobalSection
	GlobalSection(ExtensibilityGlobals) = postSolution
		SolutionGuid = {FD8FAF47-D361-4232-BC26-B204E591EF67}
	EndGlobalSection
EndGlobal
